
Microsoft Visual Studio Solution File, Format Version 12.00
# Visual Studio Version 16
VisualStudioVersion = 16.0.34114.132
MinimumVisualStudioVersion = 10.0.40219.1
Project("{FAE04EC0-301F-11D3-BF4B-00C04F79EFBC}") = "Reloj", "Reloj.csproj", "{865BCF69-3A77-4341-8587-7F11353FEC08}"
EndProject
Global
	GlobalSection(SolutionConfigurationPlatforms) = preSolution
		Debug|Any CPU = Debug|Any CPU
		Release|Any CPU = Release|Any CPU
	EndGlobalSection
	GlobalSection(ProjectConfigurationPlatforms) = postSolution
		{865BCF69-3A77-4341-8587-7F11353FEC08}.Debug|Any CPU.ActiveCfg = Debug|Any CPU
		{865BCF69-3A77-4341-8587-7F11353FEC08}.Debug|Any CPU.Build.0 = Debug|Any CPU
		{865BCF69-3A77-4341-8587-7F11353FEC08}.Release|Any CPU.ActiveCfg = Release|Any CPU
		{865BCF69-3A77-4341-8587-7F11353FEC08}.Release|Any CPU.Build.0 = Release|Any CPU
	EndGlobalSection
	GlobalSection(SolutionProperties) = preSolution
		HideSolutionNode = FALSE
	EndGlobalSection
	GlobalSection(ExtensibilityGlobals) = postSolution
		SolutionGuid = {8BBEC20C-D688-4A89-8FA7-7DD2CB466B76}
	EndGlobalSection
EndGlobal
