
Microsoft Visual Studio Solution File, Format Version 12.00
# Visual Studio Version 16
VisualStudioVersion = 16.0.34114.132
MinimumVisualStudioVersion = 10.0.40219.1
Project("{FAE04EC0-301F-11D3-BF4B-00C04F79EFBC}") = "Examen", "Examen.csproj", "{1EA27847-33BB-42EA-969A-B0688A2C27F8}"
EndProject
Global
	GlobalSection(SolutionConfigurationPlatforms) = preSolution
		Debug|Any CPU = Debug|Any CPU
		Release|Any CPU = Release|Any CPU
	EndGlobalSection
	GlobalSection(ProjectConfigurationPlatforms) = postSolution
		{1EA27847-33BB-42EA-969A-B0688A2C27F8}.Debug|Any CPU.ActiveCfg = Debug|Any CPU
		{1EA27847-33BB-42EA-969A-B0688A2C27F8}.Debug|Any CPU.Build.0 = Debug|Any CPU
		{1EA27847-33BB-42EA-969A-B0688A2C27F8}.Release|Any CPU.ActiveCfg = Release|Any CPU
		{1EA27847-33BB-42EA-969A-B0688A2C27F8}.Release|Any CPU.Build.0 = Release|Any CPU
	EndGlobalSection
	GlobalSection(SolutionProperties) = preSolution
		HideSolutionNode = FALSE
	EndGlobalSection
	GlobalSection(ExtensibilityGlobals) = postSolution
		SolutionGuid = {80ADBDB4-35ED-48C4-A04F-2F589D5F5C5A}
	EndGlobalSection
EndGlobal
