
Microsoft Visual Studio Solution File, Format Version 12.00
# Visual Studio Version 16
VisualStudioVersion = 16.0.34114.132
MinimumVisualStudioVersion = 10.0.40219.1
Project("{FAE04EC0-301F-11D3-BF4B-00C04F79EFBC}") = "MiControlHotel", "MiControlHotel.csproj", "{7CD0EB88-30A3-4973-B5D5-91E0107E95FD}"
EndProject
Global
	GlobalSection(SolutionConfigurationPlatforms) = preSolution
		Debug|Any CPU = Debug|Any CPU
		Release|Any CPU = Release|Any CPU
	EndGlobalSection
	GlobalSection(ProjectConfigurationPlatforms) = postSolution
		{7CD0EB88-30A3-4973-B5D5-91E0107E95FD}.Debug|Any CPU.ActiveCfg = Debug|Any CPU
		{7CD0EB88-30A3-4973-B5D5-91E0107E95FD}.Debug|Any CPU.Build.0 = Debug|Any CPU
		{7CD0EB88-30A3-4973-B5D5-91E0107E95FD}.Release|Any CPU.ActiveCfg = Release|Any CPU
		{7CD0EB88-30A3-4973-B5D5-91E0107E95FD}.Release|Any CPU.Build.0 = Release|Any CPU
	EndGlobalSection
	GlobalSection(SolutionProperties) = preSolution
		HideSolutionNode = FALSE
	EndGlobalSection
	GlobalSection(ExtensibilityGlobals) = postSolution
		SolutionGuid = {E876875C-5AFA-41BB-BEFF-97594D69A50D}
	EndGlobalSection
EndGlobal
