
Microsoft Visual Studio Solution File, Format Version 12.00
# Visual Studio Version 16
VisualStudioVersion = 16.0.34114.132
MinimumVisualStudioVersion = 10.0.40219.1
Project("{FAE04EC0-301F-11D3-BF4B-00C04F79EFBC}") = "MiFichaClienteHotel", "MiFichaClienteHotel.csproj", "{2B6EDD98-8E30-4014-A282-F5FE8EA12EB1}"
EndProject
Global
	GlobalSection(SolutionConfigurationPlatforms) = preSolution
		Debug|Any CPU = Debug|Any CPU
		Release|Any CPU = Release|Any CPU
	EndGlobalSection
	GlobalSection(ProjectConfigurationPlatforms) = postSolution
		{2B6EDD98-8E30-4014-A282-F5FE8EA12EB1}.Debug|Any CPU.ActiveCfg = Debug|Any CPU
		{2B6EDD98-8E30-4014-A282-F5FE8EA12EB1}.Debug|Any CPU.Build.0 = Debug|Any CPU
		{2B6EDD98-8E30-4014-A282-F5FE8EA12EB1}.Release|Any CPU.ActiveCfg = Release|Any CPU
		{2B6EDD98-8E30-4014-A282-F5FE8EA12EB1}.Release|Any CPU.Build.0 = Release|Any CPU
	EndGlobalSection
	GlobalSection(SolutionProperties) = preSolution
		HideSolutionNode = FALSE
	EndGlobalSection
	GlobalSection(ExtensibilityGlobals) = postSolution
		SolutionGuid = {AFD92EE9-6163-4B2F-8552-1E31A877F82F}
	EndGlobalSection
EndGlobal
