
Microsoft Visual Studio Solution File, Format Version 12.00
# Visual Studio Version 16
VisualStudioVersion = 16.0.34114.132
MinimumVisualStudioVersion = 10.0.40219.1
Project("{FAE04EC0-301F-11D3-BF4B-00C04F79EFBC}") = "iTextReports", "iTextReports.csproj", "{7D50414B-6EE8-4CBC-AA05-92B408323224}"
EndProject
Global
	GlobalSection(SolutionConfigurationPlatforms) = preSolution
		Debug|Any CPU = Debug|Any CPU
		Release|Any CPU = Release|Any CPU
	EndGlobalSection
	GlobalSection(ProjectConfigurationPlatforms) = postSolution
		{7D50414B-6EE8-4CBC-AA05-92B408323224}.Debug|Any CPU.ActiveCfg = Debug|Any CPU
		{7D50414B-6EE8-4CBC-AA05-92B408323224}.Debug|Any CPU.Build.0 = Debug|Any CPU
		{7D50414B-6EE8-4CBC-AA05-92B408323224}.Release|Any CPU.ActiveCfg = Release|Any CPU
		{7D50414B-6EE8-4CBC-AA05-92B408323224}.Release|Any CPU.Build.0 = Release|Any CPU
	EndGlobalSection
	GlobalSection(SolutionProperties) = preSolution
		HideSolutionNode = FALSE
	EndGlobalSection
	GlobalSection(ExtensibilityGlobals) = postSolution
		SolutionGuid = {D2C63159-C788-47A8-8371-46FF7322EDD2}
	EndGlobalSection
EndGlobal
